
Microsoft Visual Studio Solution File, Format Version 12.00
# Visual Studio Version 17
VisualStudioVersion = 17.1.32319.34
MinimumVisualStudioVersion = 10.0.40219.1
Project("{FAE04EC0-301F-11D3-BF4B-00C04F79EFBC}") = "GigaHurtz Frontend", "GigaHurtz Frontend\GigaHurtz Frontend.csproj", "{2148FEF5-66FF-4603-8CD9-29C74F82CC70}"
EndProject
Project("{FAE04EC0-301F-11D3-BF4B-00C04F79EFBC}") = "GigaHurtzApi", "GigaHurtzApi\GigaHurtzApi.csproj", "{C7DF67B9-470B-4DEC-8B4C-6ADA0615AF91}"
EndProject
Global
	GlobalSection(SolutionConfigurationPlatforms) = preSolution
		Debug|Any CPU = Debug|Any CPU
		Release|Any CPU = Release|Any CPU
	EndGlobalSection
	GlobalSection(ProjectConfigurationPlatforms) = postSolution
		{2148FEF5-66FF-4603-8CD9-29C74F82CC70}.Debug|Any CPU.ActiveCfg = Debug|Any CPU
		{2148FEF5-66FF-4603-8CD9-29C74F82CC70}.Debug|Any CPU.Build.0 = Debug|Any CPU
		{2148FEF5-66FF-4603-8CD9-29C74F82CC70}.Release|Any CPU.ActiveCfg = Release|Any CPU
		{2148FEF5-66FF-4603-8CD9-29C74F82CC70}.Release|Any CPU.Build.0 = Release|Any CPU
		{C7DF67B9-470B-4DEC-8B4C-6ADA0615AF91}.Debug|Any CPU.ActiveCfg = Debug|Any CPU
		{C7DF67B9-470B-4DEC-8B4C-6ADA0615AF91}.Debug|Any CPU.Build.0 = Debug|Any CPU
		{C7DF67B9-470B-4DEC-8B4C-6ADA0615AF91}.Release|Any CPU.ActiveCfg = Release|Any CPU
		{C7DF67B9-470B-4DEC-8B4C-6ADA0615AF91}.Release|Any CPU.Build.0 = Release|Any CPU
	EndGlobalSection
	GlobalSection(SolutionProperties) = preSolution
		HideSolutionNode = FALSE
	EndGlobalSection
	GlobalSection(ExtensibilityGlobals) = postSolution
		SolutionGuid = {093ED0EB-9310-43AC-9FE7-65F694802971}
	EndGlobalSection
EndGlobal
